
Microsoft Visual Studio Solution File, Format Version 12.00
# Visual Studio Version 17
VisualStudioVersion = 17.10.35201.131
MinimumVisualStudioVersion = 10.0.40219.1
Project("{FAE04EC0-301F-11D3-BF4B-00C04F79EFBC}") = "GIRBot", "GIRBot.csproj", "{21DF7786-160A-456D-95B8-3E5B6C7F5D2B}"
EndProject
Global
	GlobalSection(SolutionConfigurationPlatforms) = preSolution
		Debug|Any CPU = Debug|Any CPU
		Release|Any CPU = Release|Any CPU
	EndGlobalSection
	GlobalSection(ProjectConfigurationPlatforms) = postSolution
		{21DF7786-160A-456D-95B8-3E5B6C7F5D2B}.Debug|Any CPU.ActiveCfg = Debug|Any CPU
		{21DF7786-160A-456D-95B8-3E5B6C7F5D2B}.Debug|Any CPU.Build.0 = Debug|Any CPU
		{21DF7786-160A-456D-95B8-3E5B6C7F5D2B}.Release|Any CPU.ActiveCfg = Release|Any CPU
		{21DF7786-160A-456D-95B8-3E5B6C7F5D2B}.Release|Any CPU.Build.0 = Release|Any CPU
	EndGlobalSection
	GlobalSection(SolutionProperties) = preSolution
		HideSolutionNode = FALSE
	EndGlobalSection
	GlobalSection(ExtensibilityGlobals) = postSolution
		SolutionGuid = {BCA69FE8-48EA-400F-A048-C91A30B00CFC}
	EndGlobalSection
EndGlobal
